{
  "requires": true,
  "lockfileVersion": 1,
  "dependencies": {
    "mobile-calendar-simple": {
      "version": "2.0.6",
      "resolved": "https://registry.npmjs.org/mobile-calendar-simple/-/mobile-calendar-simple-2.0.6.tgz",
      "integrity": "sha512-UcLhQh5gS0QZJExRoxsM932B4I2GNAY07Kkp4SOUD0wfLyrWbq6ZCsgh1B3Gyw+Fa6h3YgMrzQvm1rYJkbCWKQ=="
    },
    "underscore": {
      "version": "1.9.1",
      "resolved": "https://registry.npmjs.org/underscore/-/underscore-1.9.1.tgz",
      "integrity": "sha512-5/4etnCkd9c8gwgowi5/om/mYO5ajCaOgdzj/oW+0eQV9WxKBDZw5+ycmKmeaTXjInS/W0BzpGLo2xR2aBwZdg=="
    },
    "vue-underscore": {
      "version": "0.1.4",
      "resolved": "https://registry.npmjs.org/vue-underscore/-/vue-underscore-0.1.4.tgz",
      "integrity": "sha1-w9zuJqbgJ53ylEimBBp+ZMIJgao=",
      "requires": {
        "underscore": "^1.8.3"
      }
    }
  }
}
